
Microsoft Visual Studio Solution File, Format Version 12.00
# Visual Studio Version 17
VisualStudioVersion = 17.7.34221.43
MinimumVisualStudioVersion = 10.0.40219.1
Project("{FAE04EC0-301F-11D3-BF4B-00C04F79EFBC}") = "HouseBuying", "HouseBuying.csproj", "{DF179B5E-2031-4892-8F7C-BE53DE278FBB}"
EndProject
Global
	GlobalSection(SolutionConfigurationPlatforms) = preSolution
		Debug|Any CPU = Debug|Any CPU
		Release|Any CPU = Release|Any CPU
	EndGlobalSection
	GlobalSection(ProjectConfigurationPlatforms) = postSolution
		{DF179B5E-2031-4892-8F7C-BE53DE278FBB}.Debug|Any CPU.ActiveCfg = Debug|Any CPU
		{DF179B5E-2031-4892-8F7C-BE53DE278FBB}.Debug|Any CPU.Build.0 = Debug|Any CPU
		{DF179B5E-2031-4892-8F7C-BE53DE278FBB}.Release|Any CPU.ActiveCfg = Release|Any CPU
		{DF179B5E-2031-4892-8F7C-BE53DE278FBB}.Release|Any CPU.Build.0 = Release|Any CPU
	EndGlobalSection
	GlobalSection(SolutionProperties) = preSolution
		HideSolutionNode = FALSE
	EndGlobalSection
	GlobalSection(ExtensibilityGlobals) = postSolution
		SolutionGuid = {90724A43-9DAA-40AD-8BA2-45D47246AE2C}
	EndGlobalSection
EndGlobal
